
Microsoft Visual Studio Solution File, Format Version 12.00
# Visual Studio 14
VisualStudioVersion = 14.0.25123.0
MinimumVisualStudioVersion = 10.0.40219.1
Project("{FAE04EC0-301F-11D3-BF4B-00C04F79EFBC}") = "AddressBook_ben", "AddressBook_ben\AddressBook_ben.csproj", "{59C3164D-E87D-4BE5-94A5-5A0F1C223BD2}"
EndProject
Project("{FAE04EC0-301F-11D3-BF4B-00C04F79EFBC}") = "ConsoleAddressBook", "ConsoleApplication1\ConsoleAddressBook.csproj", "{4D2AC332-1597-4C13-A8B6-C0889980472A}"
EndProject
Global
	GlobalSection(SolutionConfigurationPlatforms) = preSolution
		Debug|Any CPU = Debug|Any CPU
		Release|Any CPU = Release|Any CPU
	EndGlobalSection
	GlobalSection(ProjectConfigurationPlatforms) = postSolution
		{59C3164D-E87D-4BE5-94A5-5A0F1C223BD2}.Debug|Any CPU.ActiveCfg = Debug|Any CPU
		{59C3164D-E87D-4BE5-94A5-5A0F1C223BD2}.Debug|Any CPU.Build.0 = Debug|Any CPU
		{59C3164D-E87D-4BE5-94A5-5A0F1C223BD2}.Release|Any CPU.ActiveCfg = Release|Any CPU
		{59C3164D-E87D-4BE5-94A5-5A0F1C223BD2}.Release|Any CPU.Build.0 = Release|Any CPU
		{4D2AC332-1597-4C13-A8B6-C0889980472A}.Debug|Any CPU.ActiveCfg = Debug|Any CPU
		{4D2AC332-1597-4C13-A8B6-C0889980472A}.Debug|Any CPU.Build.0 = Debug|Any CPU
		{4D2AC332-1597-4C13-A8B6-C0889980472A}.Release|Any CPU.ActiveCfg = Release|Any CPU
		{4D2AC332-1597-4C13-A8B6-C0889980472A}.Release|Any CPU.Build.0 = Release|Any CPU
	EndGlobalSection
	GlobalSection(SolutionProperties) = preSolution
		HideSolutionNode = FALSE
	EndGlobalSection
EndGlobal
